
Microsoft Visual Studio Solution File, Format Version 12.00
# Visual Studio Version 16
VisualStudioVersion = 16.0.30011.22
MinimumVisualStudioVersion = 10.0.40219.1
Project("{8BC9CEB8-8B4A-11D0-8D11-00A0C91BC942}") = "VegaTest", "VegaTest.vcxproj", "{82CA686E-F18A-3D6F-9205-4215FCBD402B}"
EndProject
Global
	GlobalSection(SolutionConfigurationPlatforms) = preSolution
		Debug|x64 = Debug|x64
		Release|x64 = Release|x64
	EndGlobalSection
	GlobalSection(ProjectConfigurationPlatforms) = postSolution
		{82CA686E-F18A-3D6F-9205-4215FCBD402B}.Debug|x64.ActiveCfg = Debug|x64
		{82CA686E-F18A-3D6F-9205-4215FCBD402B}.Debug|x64.Build.0 = Debug|x64
		{82CA686E-F18A-3D6F-9205-4215FCBD402B}.Release|x64.ActiveCfg = Release|x64
		{82CA686E-F18A-3D6F-9205-4215FCBD402B}.Release|x64.Build.0 = Release|x64
	EndGlobalSection
	GlobalSection(SolutionProperties) = preSolution
		HideSolutionNode = FALSE
	EndGlobalSection
	GlobalSection(ExtensibilityGlobals) = postSolution
		SolutionGuid = {021DC788-A6B5-45A2-A022-85644F1FEC47}
	EndGlobalSection
EndGlobal
